
Microsoft Visual Studio Solution File, Format Version 12.00
# Visual Studio Version 17
VisualStudioVersion = 17.12.35527.113 d17.12
MinimumVisualStudioVersion = 10.0.40219.1
Project("{2150E333-8FDC-42A3-9474-1A3956D46DE8}") = "src", "src", "{1A842776-F78B-4AB2-913F-6C080D70CD9F}"
EndProject
Project("{2150E333-8FDC-42A3-9474-1A3956D46DE8}") = "services", "services", "{2B4CB66A-6258-4A6C-9E9F-F74E945436DF}"
EndProject
Project("{2150E333-8FDC-42A3-9474-1A3956D46DE8}") = "Products", "Products", "{3778AF48-BBC4-44F8-A6F7-FBC4445C8266}"
EndProject
Project("{FAE04EC0-301F-11D3-BF4B-00C04F79EFBC}") = "Products.Persentation", "src\services\Products\Products.Persentation\Products.Persentation.csproj", "{2E18D39E-3124-4BE9-AC6F-1263427CF4D4}"
EndProject
Project("{FAE04EC0-301F-11D3-BF4B-00C04F79EFBC}") = "Products.Application", "src\services\Products\Products.Application\Products.Application.csproj", "{2B402063-88DE-44EB-B302-1CAFB8C41A73}"
EndProject
Project("{FAE04EC0-301F-11D3-BF4B-00C04F79EFBC}") = "Products.Infrastructure", "src\services\Products\Products.Infrastructure\Products.Infrastructure.csproj", "{4544E689-5ECF-45F8-9714-6D9F4CCD6CBF}"
EndProject
Project("{FAE04EC0-301F-11D3-BF4B-00C04F79EFBC}") = "Products.Domin", "src\services\Products\Products.Domin\Products.Domin.csproj", "{07E9D2B8-1D0C-4AA6-BB78-EF8BBBA1D2C3}"
EndProject
Project("{E53339B2-1760-4266-BCC7-CA923CBCF16C}") = "docker-compose", "docker-compose.dcproj", "{2C75D868-5F23-4D85-A9AB-31D34B3B3D0C}"
EndProject
Global
	GlobalSection(SolutionConfigurationPlatforms) = preSolution
		Debug|Any CPU = Debug|Any CPU
		Release|Any CPU = Release|Any CPU
	EndGlobalSection
	GlobalSection(ProjectConfigurationPlatforms) = postSolution
		{2E18D39E-3124-4BE9-AC6F-1263427CF4D4}.Debug|Any CPU.ActiveCfg = Debug|Any CPU
		{2E18D39E-3124-4BE9-AC6F-1263427CF4D4}.Debug|Any CPU.Build.0 = Debug|Any CPU
		{2E18D39E-3124-4BE9-AC6F-1263427CF4D4}.Release|Any CPU.ActiveCfg = Release|Any CPU
		{2E18D39E-3124-4BE9-AC6F-1263427CF4D4}.Release|Any CPU.Build.0 = Release|Any CPU
		{2B402063-88DE-44EB-B302-1CAFB8C41A73}.Debug|Any CPU.ActiveCfg = Debug|Any CPU
		{2B402063-88DE-44EB-B302-1CAFB8C41A73}.Debug|Any CPU.Build.0 = Debug|Any CPU
		{2B402063-88DE-44EB-B302-1CAFB8C41A73}.Release|Any CPU.ActiveCfg = Release|Any CPU
		{2B402063-88DE-44EB-B302-1CAFB8C41A73}.Release|Any CPU.Build.0 = Release|Any CPU
		{4544E689-5ECF-45F8-9714-6D9F4CCD6CBF}.Debug|Any CPU.ActiveCfg = Debug|Any CPU
		{4544E689-5ECF-45F8-9714-6D9F4CCD6CBF}.Debug|Any CPU.Build.0 = Debug|Any CPU
		{4544E689-5ECF-45F8-9714-6D9F4CCD6CBF}.Release|Any CPU.ActiveCfg = Release|Any CPU
		{4544E689-5ECF-45F8-9714-6D9F4CCD6CBF}.Release|Any CPU.Build.0 = Release|Any CPU
		{07E9D2B8-1D0C-4AA6-BB78-EF8BBBA1D2C3}.Debug|Any CPU.ActiveCfg = Debug|Any CPU
		{07E9D2B8-1D0C-4AA6-BB78-EF8BBBA1D2C3}.Debug|Any CPU.Build.0 = Debug|Any CPU
		{07E9D2B8-1D0C-4AA6-BB78-EF8BBBA1D2C3}.Release|Any CPU.ActiveCfg = Release|Any CPU
		{07E9D2B8-1D0C-4AA6-BB78-EF8BBBA1D2C3}.Release|Any CPU.Build.0 = Release|Any CPU
		{2C75D868-5F23-4D85-A9AB-31D34B3B3D0C}.Debug|Any CPU.ActiveCfg = Debug|Any CPU
		{2C75D868-5F23-4D85-A9AB-31D34B3B3D0C}.Debug|Any CPU.Build.0 = Debug|Any CPU
		{2C75D868-5F23-4D85-A9AB-31D34B3B3D0C}.Release|Any CPU.ActiveCfg = Release|Any CPU
		{2C75D868-5F23-4D85-A9AB-31D34B3B3D0C}.Release|Any CPU.Build.0 = Release|Any CPU
	EndGlobalSection
	GlobalSection(SolutionProperties) = preSolution
		HideSolutionNode = FALSE
	EndGlobalSection
	GlobalSection(NestedProjects) = preSolution
		{2B4CB66A-6258-4A6C-9E9F-F74E945436DF} = {1A842776-F78B-4AB2-913F-6C080D70CD9F}
		{3778AF48-BBC4-44F8-A6F7-FBC4445C8266} = {2B4CB66A-6258-4A6C-9E9F-F74E945436DF}
		{2E18D39E-3124-4BE9-AC6F-1263427CF4D4} = {3778AF48-BBC4-44F8-A6F7-FBC4445C8266}
		{2B402063-88DE-44EB-B302-1CAFB8C41A73} = {3778AF48-BBC4-44F8-A6F7-FBC4445C8266}
		{4544E689-5ECF-45F8-9714-6D9F4CCD6CBF} = {3778AF48-BBC4-44F8-A6F7-FBC4445C8266}
		{07E9D2B8-1D0C-4AA6-BB78-EF8BBBA1D2C3} = {3778AF48-BBC4-44F8-A6F7-FBC4445C8266}
	EndGlobalSection
EndGlobal
